
Microsoft Visual Studio Solution File, Format Version 12.00
# Visual Studio Version 16
VisualStudioVersion = 16.0.31213.239
MinimumVisualStudioVersion = 10.0.40219.1
Project("{9A19103F-16F7-4668-BE54-9A1E7A4F7556}") = "HostBlazorInWinFormsSample", "HostBlazorInWinFormsSample.csproj", "{DB86AA31-D2EB-45D4-9ED2-EC52FE68EE7E}"
EndProject
Global
	GlobalSection(SolutionConfigurationPlatforms) = preSolution
		Debug|Any CPU = Debug|Any CPU
		Release|Any CPU = Release|Any CPU
	EndGlobalSection
	GlobalSection(ProjectConfigurationPlatforms) = postSolution
		{DB86AA31-D2EB-45D4-9ED2-EC52FE68EE7E}.Debug|Any CPU.ActiveCfg = Debug|Any CPU
		{DB86AA31-D2EB-45D4-9ED2-EC52FE68EE7E}.Debug|Any CPU.Build.0 = Debug|Any CPU
		{DB86AA31-D2EB-45D4-9ED2-EC52FE68EE7E}.Release|Any CPU.ActiveCfg = Release|Any CPU
		{DB86AA31-D2EB-45D4-9ED2-EC52FE68EE7E}.Release|Any CPU.Build.0 = Release|Any CPU
	EndGlobalSection
	GlobalSection(SolutionProperties) = preSolution
		HideSolutionNode = FALSE
	EndGlobalSection
	GlobalSection(ExtensibilityGlobals) = postSolution
		SolutionGuid = {5BD50A45-04F2-4ED1-98A8-6F907BBD7181}
	EndGlobalSection
EndGlobal
