
Microsoft Visual Studio Solution File, Format Version 10.00
# Visual Studio 2008
Project("{FAE04EC0-301F-11D3-BF4B-00C04F79EFBC}") = "RadRadioButtonCellElementCS", "RadRadioButtonCellElementCS\RadRadioButtonCellElementCS.csproj", "{AA2D9F42-899F-4D80-90B6-3534DC4BBA1D}"
EndProject
Global
	GlobalSection(SolutionConfigurationPlatforms) = preSolution
		Debug|Any CPU = Debug|Any CPU
		Release|Any CPU = Release|Any CPU
	EndGlobalSection
	GlobalSection(ProjectConfigurationPlatforms) = postSolution
		{AA2D9F42-899F-4D80-90B6-3534DC4BBA1D}.Debug|Any CPU.ActiveCfg = Debug|Any CPU
		{AA2D9F42-899F-4D80-90B6-3534DC4BBA1D}.Debug|Any CPU.Build.0 = Debug|Any CPU
		{AA2D9F42-899F-4D80-90B6-3534DC4BBA1D}.Release|Any CPU.ActiveCfg = Release|Any CPU
		{AA2D9F42-899F-4D80-90B6-3534DC4BBA1D}.Release|Any CPU.Build.0 = Release|Any CPU
	EndGlobalSection
	GlobalSection(SolutionProperties) = preSolution
		HideSolutionNode = FALSE
	EndGlobalSection
EndGlobal
