
Microsoft Visual Studio Solution File, Format Version 12.00
# Visual Studio Version 17
VisualStudioVersion = 17.12.35323.107
MinimumVisualStudioVersion = 10.0.40219.1
Project("{9A19103F-16F7-4668-BE54-9A1E7A4F7556}") = "ERP.Client.NetCore", "ERP.Client\ERP.Client.NetCore.csproj", "{8800D66A-893F-4415-8DA0-EC2E14583BA1}"
EndProject
Project("{9A19103F-16F7-4668-BE54-9A1E7A4F7556}") = "ERP.Service.NetCore", "ERP.Service\ERP.Service.NetCore.csproj", "{5EC56BDC-6282-4FA0-B5F7-9043389E2BA7}"
EndProject
Project("{9A19103F-16F7-4668-BE54-9A1E7A4F7556}") = "ERP.Repository.NetCore", "ERP.Repository\ERP.Repository.NetCore.csproj", "{193EBD80-5C14-4198-A35B-5C4EF1AF9620}"
EndProject
Global
	GlobalSection(SolutionConfigurationPlatforms) = preSolution
		Debug|Any CPU = Debug|Any CPU
		Release|Any CPU = Release|Any CPU
	EndGlobalSection
	GlobalSection(ProjectConfigurationPlatforms) = postSolution
		{8800D66A-893F-4415-8DA0-EC2E14583BA1}.Debug|Any CPU.ActiveCfg = Debug|Any CPU
		{8800D66A-893F-4415-8DA0-EC2E14583BA1}.Debug|Any CPU.Build.0 = Debug|Any CPU
		{8800D66A-893F-4415-8DA0-EC2E14583BA1}.Release|Any CPU.ActiveCfg = Release|Any CPU
		{8800D66A-893F-4415-8DA0-EC2E14583BA1}.Release|Any CPU.Build.0 = Release|Any CPU
		{5EC56BDC-6282-4FA0-B5F7-9043389E2BA7}.Debug|Any CPU.ActiveCfg = Debug|Any CPU
		{5EC56BDC-6282-4FA0-B5F7-9043389E2BA7}.Debug|Any CPU.Build.0 = Debug|Any CPU
		{5EC56BDC-6282-4FA0-B5F7-9043389E2BA7}.Release|Any CPU.ActiveCfg = Release|Any CPU
		{5EC56BDC-6282-4FA0-B5F7-9043389E2BA7}.Release|Any CPU.Build.0 = Release|Any CPU
		{193EBD80-5C14-4198-A35B-5C4EF1AF9620}.Debug|Any CPU.ActiveCfg = Debug|Any CPU
		{193EBD80-5C14-4198-A35B-5C4EF1AF9620}.Debug|Any CPU.Build.0 = Debug|Any CPU
		{193EBD80-5C14-4198-A35B-5C4EF1AF9620}.Release|Any CPU.ActiveCfg = Release|Any CPU
		{193EBD80-5C14-4198-A35B-5C4EF1AF9620}.Release|Any CPU.Build.0 = Release|Any CPU
	EndGlobalSection
	GlobalSection(SolutionProperties) = preSolution
		HideSolutionNode = FALSE
	EndGlobalSection
	GlobalSection(ExtensibilityGlobals) = postSolution
		SolutionGuid = {867313EA-86C2-4A5B-975C-A28E99CC65BE}
	EndGlobalSection
EndGlobal
