
Microsoft Visual Studio Solution File, Format Version 12.00
# Visual Studio Version 17
VisualStudioVersion = 17.10.34916.146
MinimumVisualStudioVersion = 10.0.40219.1
Project("{FAE04EC0-301F-11D3-BF4B-00C04F79EFBC}") = "RadRichTextEditorOpenOfficeDictionaryCS", "RadRichTextEditorOpenOfficeDictionaryCS.csproj", "{00A0E5C7-D045-4A69-8BFF-A4817D912845}"
EndProject
Global
	GlobalSection(SolutionConfigurationPlatforms) = preSolution
		Debug|Any CPU = Debug|Any CPU
		Release|Any CPU = Release|Any CPU
	EndGlobalSection
	GlobalSection(ProjectConfigurationPlatforms) = postSolution
		{00A0E5C7-D045-4A69-8BFF-A4817D912845}.Debug|Any CPU.ActiveCfg = Debug|Any CPU
		{00A0E5C7-D045-4A69-8BFF-A4817D912845}.Debug|Any CPU.Build.0 = Debug|Any CPU
		{00A0E5C7-D045-4A69-8BFF-A4817D912845}.Release|Any CPU.ActiveCfg = Release|Any CPU
		{00A0E5C7-D045-4A69-8BFF-A4817D912845}.Release|Any CPU.Build.0 = Release|Any CPU
	EndGlobalSection
	GlobalSection(SolutionProperties) = preSolution
		HideSolutionNode = FALSE
	EndGlobalSection
	GlobalSection(ExtensibilityGlobals) = postSolution
		SolutionGuid = {FAC0BD77-8A5A-42C0-83D2-8EDFDFB40DB1}
	EndGlobalSection
EndGlobal
