
Microsoft Visual Studio Solution File, Format Version 12.00
# Visual Studio Version 17
VisualStudioVersion = 17.10.34916.146
MinimumVisualStudioVersion = 10.0.40219.1
Project("{FAE04EC0-301F-11D3-BF4B-00C04F79EFBC}") = "ListOfRadMenuItemsCS", "ListOfRadMenuItemsCS.csproj", "{F399B1F8-BA5B-499A-9C17-DA222653E639}"
EndProject
Global
	GlobalSection(SolutionConfigurationPlatforms) = preSolution
		Debug|Any CPU = Debug|Any CPU
		Release|Any CPU = Release|Any CPU
	EndGlobalSection
	GlobalSection(ProjectConfigurationPlatforms) = postSolution
		{F399B1F8-BA5B-499A-9C17-DA222653E639}.Debug|Any CPU.ActiveCfg = Debug|Any CPU
		{F399B1F8-BA5B-499A-9C17-DA222653E639}.Debug|Any CPU.Build.0 = Debug|Any CPU
		{F399B1F8-BA5B-499A-9C17-DA222653E639}.Release|Any CPU.ActiveCfg = Release|Any CPU
		{F399B1F8-BA5B-499A-9C17-DA222653E639}.Release|Any CPU.Build.0 = Release|Any CPU
	EndGlobalSection
	GlobalSection(SolutionProperties) = preSolution
		HideSolutionNode = FALSE
	EndGlobalSection
	GlobalSection(ExtensibilityGlobals) = postSolution
		SolutionGuid = {FB9BC422-563F-4A7D-8FFC-E6C985631591}
	EndGlobalSection
EndGlobal
