
Microsoft Visual Studio Solution File, Format Version 12.00
# Visual Studio Version 17
VisualStudioVersion = 17.13.35825.156 d17.13
MinimumVisualStudioVersion = 10.0.40219.1
Project("{FAE04EC0-301F-11D3-BF4B-00C04F79EFBC}") = "Telerik.Gauges.PUG", "Telerik.Gauges.PUG\Telerik.Gauges.PUG.csproj", "{93D9158D-E4D6-4321-A845-A60F21EA743C}"
EndProject
Global
	GlobalSection(SolutionConfigurationPlatforms) = preSolution
		Debug|x86 = Debug|x86
		Release|x86 = Release|x86
	EndGlobalSection
	GlobalSection(ProjectConfigurationPlatforms) = postSolution
		{93D9158D-E4D6-4321-A845-A60F21EA743C}.Debug|x86.ActiveCfg = Debug|x86
		{93D9158D-E4D6-4321-A845-A60F21EA743C}.Debug|x86.Build.0 = Debug|x86
		{93D9158D-E4D6-4321-A845-A60F21EA743C}.Release|x86.ActiveCfg = Release|x86
		{93D9158D-E4D6-4321-A845-A60F21EA743C}.Release|x86.Build.0 = Release|x86
	EndGlobalSection
	GlobalSection(SolutionProperties) = preSolution
		HideSolutionNode = FALSE
	EndGlobalSection
	GlobalSection(ExtensibilityGlobals) = postSolution
		SolutionGuid = {E730B61E-669D-4E8A-A28E-3B2B9A5FCA56}
	EndGlobalSection
EndGlobal
