
Microsoft Visual Studio Solution File, Format Version 12.00
# Visual Studio 2012
Project("{FAE04EC0-301F-11D3-BF4B-00C04F79EFBC}") = "VirtualGridHeaderCheckBox", "VirtualGridHeaderCheckBox\VirtualGridHeaderCheckBox.csproj", "{F2E6E192-EBE1-4605-A353-000AEF7965A6}"
EndProject
Project("{F184B08F-C81C-45F6-A57F-5ABD9991F28F}") = "VirtualGridHeaderCheckBoxVB", "VirtualGridHeaderCheckBoxVB\VirtualGridHeaderCheckBoxVB.vbproj", "{731A14A2-A44B-4820-8F97-5C6EEA756166}"
EndProject
Global
	GlobalSection(SolutionConfigurationPlatforms) = preSolution
		Debug|x86 = Debug|x86
		Release|x86 = Release|x86
	EndGlobalSection
	GlobalSection(ProjectConfigurationPlatforms) = postSolution
		{F2E6E192-EBE1-4605-A353-000AEF7965A6}.Debug|x86.ActiveCfg = Debug|x86
		{F2E6E192-EBE1-4605-A353-000AEF7965A6}.Debug|x86.Build.0 = Debug|x86
		{F2E6E192-EBE1-4605-A353-000AEF7965A6}.Release|x86.ActiveCfg = Release|x86
		{F2E6E192-EBE1-4605-A353-000AEF7965A6}.Release|x86.Build.0 = Release|x86
		{731A14A2-A44B-4820-8F97-5C6EEA756166}.Debug|x86.ActiveCfg = Debug|x86
		{731A14A2-A44B-4820-8F97-5C6EEA756166}.Debug|x86.Build.0 = Debug|x86
		{731A14A2-A44B-4820-8F97-5C6EEA756166}.Release|x86.ActiveCfg = Release|x86
		{731A14A2-A44B-4820-8F97-5C6EEA756166}.Release|x86.Build.0 = Release|x86
	EndGlobalSection
	GlobalSection(SolutionProperties) = preSolution
		HideSolutionNode = FALSE
	EndGlobalSection
EndGlobal
