
Microsoft Visual Studio Solution File, Format Version 12.00
# Visual Studio Version 17
VisualStudioVersion = 17.8.34316.72
MinimumVisualStudioVersion = 10.0.40219.1
Project("{FAE04EC0-301F-11D3-BF4B-00C04F79EFBC}") = "GermanRadControlsLocalization", "GermanRadControlsLocalization.csproj", "{580F38CB-771B-4761-8263-F70F14D3BF32}"
EndProject
Global
	GlobalSection(SolutionConfigurationPlatforms) = preSolution
		Debug|x86 = Debug|x86
		Release|x86 = Release|x86
	EndGlobalSection
	GlobalSection(ProjectConfigurationPlatforms) = postSolution
		{580F38CB-771B-4761-8263-F70F14D3BF32}.Debug|x86.ActiveCfg = Debug|x86
		{580F38CB-771B-4761-8263-F70F14D3BF32}.Debug|x86.Build.0 = Debug|x86
		{580F38CB-771B-4761-8263-F70F14D3BF32}.Release|x86.ActiveCfg = Release|x86
		{580F38CB-771B-4761-8263-F70F14D3BF32}.Release|x86.Build.0 = Release|x86
	EndGlobalSection
	GlobalSection(SolutionProperties) = preSolution
		HideSolutionNode = FALSE
	EndGlobalSection
	GlobalSection(ExtensibilityGlobals) = postSolution
		SolutionGuid = {D7E30E8B-A388-4E50-86BC-9219DE52B638}
	EndGlobalSection
EndGlobal
