
Microsoft Visual Studio Solution File, Format Version 12.00
# Visual Studio 2012
Project("{FAE04EC0-301F-11D3-BF4B-00C04F79EFBC}") = "EditRowInACustomFormCS", "EditRowInACustomFormCS\EditRowInACustomFormCS.csproj", "{E2A5424B-4A16-48EC-9E6F-767AE3C56077}"
EndProject
Global
	GlobalSection(SolutionConfigurationPlatforms) = preSolution
		Debug|x86 = Debug|x86
		Release|x86 = Release|x86
	EndGlobalSection
	GlobalSection(ProjectConfigurationPlatforms) = postSolution
		{E2A5424B-4A16-48EC-9E6F-767AE3C56077}.Debug|x86.ActiveCfg = Debug|x86
		{E2A5424B-4A16-48EC-9E6F-767AE3C56077}.Debug|x86.Build.0 = Debug|x86
		{E2A5424B-4A16-48EC-9E6F-767AE3C56077}.Release|x86.ActiveCfg = Release|x86
		{E2A5424B-4A16-48EC-9E6F-767AE3C56077}.Release|x86.Build.0 = Release|x86
	EndGlobalSection
	GlobalSection(SolutionProperties) = preSolution
		HideSolutionNode = FALSE
	EndGlobalSection
EndGlobal
