
Microsoft Visual Studio Solution File, Format Version 12.00
# Visual Studio 15
VisualStudioVersion = 15.0.27130.2027
MinimumVisualStudioVersion = 10.0.40219.1
Project("{FAE04EC0-301F-11D3-BF4B-00C04F79EFBC}") = "CustomDisplayText", "CustomDisplayText\CustomDisplayText.csproj", "{089320BB-34D0-469E-8E82-7C4715156462}"
EndProject
Project("{F184B08F-C81C-45F6-A57F-5ABD9991F28F}") = "CustomDisplayTextVB", "CustomDisplayTextVB\CustomDisplayTextVB.vbproj", "{104A01AD-A21B-4075-803D-63F2D90944D8}"
EndProject
Global
	GlobalSection(SolutionConfigurationPlatforms) = preSolution
		Debug|Any CPU = Debug|Any CPU
		Debug|x86 = Debug|x86
		Debug40|Any CPU = Debug40|Any CPU
		Debug40|x86 = Debug40|x86
		DebugNewGraphics|Any CPU = DebugNewGraphics|Any CPU
		DebugNewGraphics|x86 = DebugNewGraphics|x86
		Release|Any CPU = Release|Any CPU
		Release|x86 = Release|x86
		Release40|Any CPU = Release40|Any CPU
		Release40|x86 = Release40|x86
		ReleaseTrial|Any CPU = ReleaseTrial|Any CPU
		ReleaseTrial|x86 = ReleaseTrial|x86
		ReleaseTrial40|Any CPU = ReleaseTrial40|Any CPU
		ReleaseTrial40|x86 = ReleaseTrial40|x86
	EndGlobalSection
	GlobalSection(ProjectConfigurationPlatforms) = postSolution
		{089320BB-34D0-469E-8E82-7C4715156462}.Debug|Any CPU.ActiveCfg = Debug|x86
		{089320BB-34D0-469E-8E82-7C4715156462}.Debug|x86.ActiveCfg = Debug|x86
		{089320BB-34D0-469E-8E82-7C4715156462}.Debug|x86.Build.0 = Debug|x86
		{089320BB-34D0-469E-8E82-7C4715156462}.Debug40|Any CPU.ActiveCfg = Release|x86
		{089320BB-34D0-469E-8E82-7C4715156462}.Debug40|Any CPU.Build.0 = Release|x86
		{089320BB-34D0-469E-8E82-7C4715156462}.Debug40|x86.ActiveCfg = Debug|x86
		{089320BB-34D0-469E-8E82-7C4715156462}.Debug40|x86.Build.0 = Debug|x86
		{089320BB-34D0-469E-8E82-7C4715156462}.DebugNewGraphics|Any CPU.ActiveCfg = Release|x86
		{089320BB-34D0-469E-8E82-7C4715156462}.DebugNewGraphics|Any CPU.Build.0 = Release|x86
		{089320BB-34D0-469E-8E82-7C4715156462}.DebugNewGraphics|x86.ActiveCfg = Debug|x86
		{089320BB-34D0-469E-8E82-7C4715156462}.DebugNewGraphics|x86.Build.0 = Debug|x86
		{089320BB-34D0-469E-8E82-7C4715156462}.Release|Any CPU.ActiveCfg = Release|x86
		{089320BB-34D0-469E-8E82-7C4715156462}.Release|x86.ActiveCfg = Release|x86
		{089320BB-34D0-469E-8E82-7C4715156462}.Release|x86.Build.0 = Release|x86
		{089320BB-34D0-469E-8E82-7C4715156462}.Release40|Any CPU.ActiveCfg = Release|x86
		{089320BB-34D0-469E-8E82-7C4715156462}.Release40|Any CPU.Build.0 = Release|x86
		{089320BB-34D0-469E-8E82-7C4715156462}.Release40|x86.ActiveCfg = Release|x86
		{089320BB-34D0-469E-8E82-7C4715156462}.Release40|x86.Build.0 = Release|x86
		{089320BB-34D0-469E-8E82-7C4715156462}.ReleaseTrial|Any CPU.ActiveCfg = Release|x86
		{089320BB-34D0-469E-8E82-7C4715156462}.ReleaseTrial|Any CPU.Build.0 = Release|x86
		{089320BB-34D0-469E-8E82-7C4715156462}.ReleaseTrial|x86.ActiveCfg = Release|x86
		{089320BB-34D0-469E-8E82-7C4715156462}.ReleaseTrial|x86.Build.0 = Release|x86
		{089320BB-34D0-469E-8E82-7C4715156462}.ReleaseTrial40|Any CPU.ActiveCfg = Release|x86
		{089320BB-34D0-469E-8E82-7C4715156462}.ReleaseTrial40|Any CPU.Build.0 = Release|x86
		{089320BB-34D0-469E-8E82-7C4715156462}.ReleaseTrial40|x86.ActiveCfg = Release|x86
		{089320BB-34D0-469E-8E82-7C4715156462}.ReleaseTrial40|x86.Build.0 = Release|x86
		{104A01AD-A21B-4075-803D-63F2D90944D8}.Debug|Any CPU.ActiveCfg = Debug|x86
		{104A01AD-A21B-4075-803D-63F2D90944D8}.Debug|x86.ActiveCfg = Debug|x86
		{104A01AD-A21B-4075-803D-63F2D90944D8}.Debug|x86.Build.0 = Debug|x86
		{104A01AD-A21B-4075-803D-63F2D90944D8}.Debug40|Any CPU.ActiveCfg = Release|x86
		{104A01AD-A21B-4075-803D-63F2D90944D8}.Debug40|Any CPU.Build.0 = Release|x86
		{104A01AD-A21B-4075-803D-63F2D90944D8}.Debug40|x86.ActiveCfg = Debug|x86
		{104A01AD-A21B-4075-803D-63F2D90944D8}.Debug40|x86.Build.0 = Debug|x86
		{104A01AD-A21B-4075-803D-63F2D90944D8}.DebugNewGraphics|Any CPU.ActiveCfg = Release|x86
		{104A01AD-A21B-4075-803D-63F2D90944D8}.DebugNewGraphics|Any CPU.Build.0 = Release|x86
		{104A01AD-A21B-4075-803D-63F2D90944D8}.DebugNewGraphics|x86.ActiveCfg = Debug|x86
		{104A01AD-A21B-4075-803D-63F2D90944D8}.DebugNewGraphics|x86.Build.0 = Debug|x86
		{104A01AD-A21B-4075-803D-63F2D90944D8}.Release|Any CPU.ActiveCfg = Release|x86
		{104A01AD-A21B-4075-803D-63F2D90944D8}.Release|x86.ActiveCfg = Release|x86
		{104A01AD-A21B-4075-803D-63F2D90944D8}.Release|x86.Build.0 = Release|x86
		{104A01AD-A21B-4075-803D-63F2D90944D8}.Release40|Any CPU.ActiveCfg = Release|x86
		{104A01AD-A21B-4075-803D-63F2D90944D8}.Release40|Any CPU.Build.0 = Release|x86
		{104A01AD-A21B-4075-803D-63F2D90944D8}.Release40|x86.ActiveCfg = Release|x86
		{104A01AD-A21B-4075-803D-63F2D90944D8}.Release40|x86.Build.0 = Release|x86
		{104A01AD-A21B-4075-803D-63F2D90944D8}.ReleaseTrial|Any CPU.ActiveCfg = Release|x86
		{104A01AD-A21B-4075-803D-63F2D90944D8}.ReleaseTrial|Any CPU.Build.0 = Release|x86
		{104A01AD-A21B-4075-803D-63F2D90944D8}.ReleaseTrial|x86.ActiveCfg = Release|x86
		{104A01AD-A21B-4075-803D-63F2D90944D8}.ReleaseTrial|x86.Build.0 = Release|x86
		{104A01AD-A21B-4075-803D-63F2D90944D8}.ReleaseTrial40|Any CPU.ActiveCfg = Release|x86
		{104A01AD-A21B-4075-803D-63F2D90944D8}.ReleaseTrial40|Any CPU.Build.0 = Release|x86
		{104A01AD-A21B-4075-803D-63F2D90944D8}.ReleaseTrial40|x86.ActiveCfg = Release|x86
		{104A01AD-A21B-4075-803D-63F2D90944D8}.ReleaseTrial40|x86.Build.0 = Release|x86
	EndGlobalSection
	GlobalSection(SolutionProperties) = preSolution
		HideSolutionNode = FALSE
	EndGlobalSection
	GlobalSection(ExtensibilityGlobals) = postSolution
		SolutionGuid = {EBC55E4B-DD70-4AEF-B0EB-6578CCFC42F5}
	EndGlobalSection
EndGlobal
