
Microsoft Visual Studio Solution File, Format Version 12.00
# Visual Studio 2012
Project("{FAE04EC0-301F-11D3-BF4B-00C04F79EFBC}") = "GridToTreeViewDragDropCSharp", "GridToTreeViewDragDropCSharp\GridToTreeViewDragDropCSharp.csproj", "{782A1CCF-5B83-40E7-8659-055A46BCD5ED}"
EndProject
Global
	GlobalSection(SolutionConfigurationPlatforms) = preSolution
		Debug|x86 = Debug|x86
		Release|x86 = Release|x86
	EndGlobalSection
	GlobalSection(ProjectConfigurationPlatforms) = postSolution
		{782A1CCF-5B83-40E7-8659-055A46BCD5ED}.Debug|x86.ActiveCfg = Debug|x86
		{782A1CCF-5B83-40E7-8659-055A46BCD5ED}.Debug|x86.Build.0 = Debug|x86
		{782A1CCF-5B83-40E7-8659-055A46BCD5ED}.Release|x86.ActiveCfg = Release|x86
		{782A1CCF-5B83-40E7-8659-055A46BCD5ED}.Release|x86.Build.0 = Release|x86
	EndGlobalSection
	GlobalSection(SolutionProperties) = preSolution
		HideSolutionNode = FALSE
	EndGlobalSection
EndGlobal
