
Microsoft Visual Studio Solution File, Format Version 12.00
# Visual Studio 2012
Project("{FAE04EC0-301F-11D3-BF4B-00C04F79EFBC}") = "ServerSideDropDownList", "ServerSideDropDownList\ServerSideDropDownList.csproj", "{BC46CAFE-6BBE-4B2A-ACD6-E67186AE50E3}"
EndProject
Project("{FAE04EC0-301F-11D3-BF4B-00C04F79EFBC}") = "ServerSideDropDownList.Core", "ServerSideDropDownList.Core\ServerSideDropDownList.Core.csproj", "{BA48EFB0-F894-4A08-9C3D-14BC038696A2}"
EndProject
Global
	GlobalSection(SolutionConfigurationPlatforms) = preSolution
		Debug|Any CPU = Debug|Any CPU
		Release|Any CPU = Release|Any CPU
	EndGlobalSection
	GlobalSection(ProjectConfigurationPlatforms) = postSolution
		{BC46CAFE-6BBE-4B2A-ACD6-E67186AE50E3}.Debug|Any CPU.ActiveCfg = Debug|Any CPU
		{BC46CAFE-6BBE-4B2A-ACD6-E67186AE50E3}.Debug|Any CPU.Build.0 = Debug|Any CPU
		{BC46CAFE-6BBE-4B2A-ACD6-E67186AE50E3}.Release|Any CPU.ActiveCfg = Release|Any CPU
		{BC46CAFE-6BBE-4B2A-ACD6-E67186AE50E3}.Release|Any CPU.Build.0 = Release|Any CPU
		{BA48EFB0-F894-4A08-9C3D-14BC038696A2}.Debug|Any CPU.ActiveCfg = Debug|Any CPU
		{BA48EFB0-F894-4A08-9C3D-14BC038696A2}.Debug|Any CPU.Build.0 = Debug|Any CPU
		{BA48EFB0-F894-4A08-9C3D-14BC038696A2}.Release|Any CPU.ActiveCfg = Release|Any CPU
		{BA48EFB0-F894-4A08-9C3D-14BC038696A2}.Release|Any CPU.Build.0 = Release|Any CPU
	EndGlobalSection
	GlobalSection(SolutionProperties) = preSolution
		HideSolutionNode = FALSE
	EndGlobalSection
EndGlobal
