
Microsoft Visual Studio Solution File, Format Version 12.00
# Visual Studio 2013
VisualStudioVersion = 12.0.21005.1
MinimumVisualStudioVersion = 10.0.40219.1
Project("{FAE04EC0-301F-11D3-BF4B-00C04F79EFBC}") = "VirtualRadGridViewSortingFiltering.Core", "VirtualRadGridViewSortingFiltering.Core\VirtualRadGridViewSortingFiltering.Core.csproj", "{A56EA74A-8FF1-4F33-A1FE-9910978EB717}"
EndProject
Project("{FAE04EC0-301F-11D3-BF4B-00C04F79EFBC}") = "VirtualRadGridViewSortingFiltering.Form", "VirtualRadGridViewSortingFiltering.Form\VirtualRadGridViewSortingFiltering.Form.csproj", "{B4C25A3D-1324-465F-850D-1751EDF8EA79}"
EndProject
Global
	GlobalSection(SolutionConfigurationPlatforms) = preSolution
		Debug|Any CPU = Debug|Any CPU
		Release|Any CPU = Release|Any CPU
	EndGlobalSection
	GlobalSection(ProjectConfigurationPlatforms) = postSolution
		{A56EA74A-8FF1-4F33-A1FE-9910978EB717}.Debug|Any CPU.ActiveCfg = Debug|Any CPU
		{A56EA74A-8FF1-4F33-A1FE-9910978EB717}.Debug|Any CPU.Build.0 = Debug|Any CPU
		{A56EA74A-8FF1-4F33-A1FE-9910978EB717}.Release|Any CPU.ActiveCfg = Release|Any CPU
		{A56EA74A-8FF1-4F33-A1FE-9910978EB717}.Release|Any CPU.Build.0 = Release|Any CPU
		{B4C25A3D-1324-465F-850D-1751EDF8EA79}.Debug|Any CPU.ActiveCfg = Debug|Any CPU
		{B4C25A3D-1324-465F-850D-1751EDF8EA79}.Debug|Any CPU.Build.0 = Debug|Any CPU
		{B4C25A3D-1324-465F-850D-1751EDF8EA79}.Release|Any CPU.ActiveCfg = Release|Any CPU
		{B4C25A3D-1324-465F-850D-1751EDF8EA79}.Release|Any CPU.Build.0 = Release|Any CPU
	EndGlobalSection
	GlobalSection(SolutionProperties) = preSolution
		HideSolutionNode = FALSE
	EndGlobalSection
EndGlobal
