
Microsoft Visual Studio Solution File, Format Version 12.00
# Visual Studio 15
VisualStudioVersion = 15.0.26430.4
MinimumVisualStudioVersion = 10.0.40219.1
Project("{F184B08F-C81C-45F6-A57F-5ABD9991F28F}") = "InkEditor", "InkEditor\InkEditor.vbproj", "{852E56DA-C218-4473-AB21-E6AF34148E7B}"
EndProject
Global
	GlobalSection(SolutionConfigurationPlatforms) = preSolution
		Debug|x86 = Debug|x86
		Release|x86 = Release|x86
	EndGlobalSection
	GlobalSection(ProjectConfigurationPlatforms) = postSolution
		{852E56DA-C218-4473-AB21-E6AF34148E7B}.Debug|x86.ActiveCfg = Debug|Any CPU
		{852E56DA-C218-4473-AB21-E6AF34148E7B}.Debug|x86.Build.0 = Debug|Any CPU
		{852E56DA-C218-4473-AB21-E6AF34148E7B}.Release|x86.ActiveCfg = Release|x86
		{852E56DA-C218-4473-AB21-E6AF34148E7B}.Release|x86.Build.0 = Release|x86
	EndGlobalSection
	GlobalSection(SolutionProperties) = preSolution
		HideSolutionNode = FALSE
	EndGlobalSection
EndGlobal
