
Microsoft Visual Studio Solution File, Format Version 11.00
# Visual Studio 2010
Project("{FAE04EC0-301F-11D3-BF4B-00C04F79EFBC}") = "RadGridViewCascadingCombos", "RadGridViewCascadingCombos\RadGridViewCascadingCombos.csproj", "{5925B5B3-4725-4A9E-A144-7370B017B1F1}"
EndProject
Global
	GlobalSection(SolutionConfigurationPlatforms) = preSolution
		Debug|Any CPU = Debug|Any CPU
		Release|Any CPU = Release|Any CPU
	EndGlobalSection
	GlobalSection(ProjectConfigurationPlatforms) = postSolution
		{5925B5B3-4725-4A9E-A144-7370B017B1F1}.Debug|Any CPU.ActiveCfg = Debug|Any CPU
		{5925B5B3-4725-4A9E-A144-7370B017B1F1}.Debug|Any CPU.Build.0 = Debug|Any CPU
		{5925B5B3-4725-4A9E-A144-7370B017B1F1}.Release|Any CPU.ActiveCfg = Release|Any CPU
		{5925B5B3-4725-4A9E-A144-7370B017B1F1}.Release|Any CPU.Build.0 = Release|Any CPU
	EndGlobalSection
	GlobalSection(SolutionProperties) = preSolution
		HideSolutionNode = FALSE
	EndGlobalSection
EndGlobal
