
Microsoft Visual Studio Solution File, Format Version 12.00
# Visual Studio 2012
Project("{FAE04EC0-301F-11D3-BF4B-00C04F79EFBC}") = "RadGridViewExportVisualSettingsAsync", "RadGridViewExportVisualSettingsAsync\RadGridViewExportVisualSettingsAsync.csproj", "{E9D74EB5-6DE1-43B2-96F6-6C5E16EE0A78}"
EndProject
Project("{F184B08F-C81C-45F6-A57F-5ABD9991F28F}") = "RadGridViewExportVisualSettingsAsyncVB", "RadGridViewExportVisualSettingsAsyncVB\RadGridViewExportVisualSettingsAsyncVB.vbproj", "{D5B747F5-D406-412A-A838-AB6DB2388278}"
EndProject
Global
	GlobalSection(SolutionConfigurationPlatforms) = preSolution
		Debug|Any CPU = Debug|Any CPU
		Release|Any CPU = Release|Any CPU
	EndGlobalSection
	GlobalSection(ProjectConfigurationPlatforms) = postSolution
		{E9D74EB5-6DE1-43B2-96F6-6C5E16EE0A78}.Debug|Any CPU.ActiveCfg = Debug|Any CPU
		{E9D74EB5-6DE1-43B2-96F6-6C5E16EE0A78}.Debug|Any CPU.Build.0 = Debug|Any CPU
		{E9D74EB5-6DE1-43B2-96F6-6C5E16EE0A78}.Release|Any CPU.ActiveCfg = Release|Any CPU
		{E9D74EB5-6DE1-43B2-96F6-6C5E16EE0A78}.Release|Any CPU.Build.0 = Release|Any CPU
		{D5B747F5-D406-412A-A838-AB6DB2388278}.Debug|Any CPU.ActiveCfg = Debug|Any CPU
		{D5B747F5-D406-412A-A838-AB6DB2388278}.Debug|Any CPU.Build.0 = Debug|Any CPU
		{D5B747F5-D406-412A-A838-AB6DB2388278}.Release|Any CPU.ActiveCfg = Release|Any CPU
		{D5B747F5-D406-412A-A838-AB6DB2388278}.Release|Any CPU.Build.0 = Release|Any CPU
	EndGlobalSection
	GlobalSection(SolutionProperties) = preSolution
		HideSolutionNode = FALSE
	EndGlobalSection
EndGlobal
