
Microsoft Visual Studio Solution File, Format Version 12.00
# Visual Studio Version 17
VisualStudioVersion = 17.8.34316.72
MinimumVisualStudioVersion = 10.0.40219.1
Project("{FAE04EC0-301F-11D3-BF4B-00C04F79EFBC}") = "CroatianRadControlsLocalization", "CroatianRadControlsLocalization.csproj", "{3258194A-4EB4-4056-9DF5-6C70753F39D1}"
EndProject
Global
	GlobalSection(SolutionConfigurationPlatforms) = preSolution
		Debug|Any CPU = Debug|Any CPU
		Release|Any CPU = Release|Any CPU
	EndGlobalSection
	GlobalSection(ProjectConfigurationPlatforms) = postSolution
		{3258194A-4EB4-4056-9DF5-6C70753F39D1}.Debug|Any CPU.ActiveCfg = Debug|Any CPU
		{3258194A-4EB4-4056-9DF5-6C70753F39D1}.Debug|Any CPU.Build.0 = Debug|Any CPU
		{3258194A-4EB4-4056-9DF5-6C70753F39D1}.Release|Any CPU.ActiveCfg = Release|Any CPU
		{3258194A-4EB4-4056-9DF5-6C70753F39D1}.Release|Any CPU.Build.0 = Release|Any CPU
	EndGlobalSection
	GlobalSection(SolutionProperties) = preSolution
		HideSolutionNode = FALSE
	EndGlobalSection
	GlobalSection(ExtensibilityGlobals) = postSolution
		SolutionGuid = {63E240CE-A5D3-4B32-A3A8-312F53669691}
	EndGlobalSection
EndGlobal
