
Microsoft Visual Studio Solution File, Format Version 12.00
# Visual Studio Version 17
VisualStudioVersion = 17.9.34728.123
MinimumVisualStudioVersion = 10.0.40219.1
Project("{FAE04EC0-301F-11D3-BF4B-00C04F79EFBC}") = "MedicalApp", "MedicalApp\MedicalApp.csproj", "{943D3DEA-3FC9-43D1-B997-444853AD3A8B}"
EndProject
Global
	GlobalSection(SolutionConfigurationPlatforms) = preSolution
		Debug|Any CPU = Debug|Any CPU
		Release|Any CPU = Release|Any CPU
	EndGlobalSection
	GlobalSection(ProjectConfigurationPlatforms) = postSolution
		{943D3DEA-3FC9-43D1-B997-444853AD3A8B}.Debug|Any CPU.ActiveCfg = Debug|Any CPU
		{943D3DEA-3FC9-43D1-B997-444853AD3A8B}.Debug|Any CPU.Build.0 = Debug|Any CPU
		{943D3DEA-3FC9-43D1-B997-444853AD3A8B}.Release|Any CPU.ActiveCfg = Release|Any CPU
		{943D3DEA-3FC9-43D1-B997-444853AD3A8B}.Release|Any CPU.Build.0 = Release|Any CPU
	EndGlobalSection
	GlobalSection(SolutionProperties) = preSolution
		HideSolutionNode = FALSE
	EndGlobalSection
	GlobalSection(ExtensibilityGlobals) = postSolution
		SolutionGuid = {8F33CB86-6B12-4D29-A58E-251C8F975B21}
	EndGlobalSection
EndGlobal
